{
  "name": "test",
  "version": "1.0.0",
  "lockfileVersion": 2,
  "requires": true,
  "packages": {
    "": {
      "version": "1.0.0",
      "license": "ISC",
      "dependencies": {
        "structurae": "file:../structurae-4.0.0-beta.1.tgz"
      }
    },
    "node_modules/structurae": {
      "version": "4.0.0-beta.1",
      "resolved": "file:../structurae-4.0.0-beta.1.tgz",
      "integrity": "sha512-UdXlrBqTU9WqqT1+5AatPO7cWJiSsHfGwYOthgtkicvhViKLRA/jkA9uMFh9gmaH0x7K5jS6ooXevRmviLw5Qw==",
      "license": "MIT",
      "engines": {
        "node": ">=14.0.0"
      }
    }
  },
  "dependencies": {
    "structurae": {
      "version": "file:..\\structurae-4.0.0-beta.1.tgz",
      "integrity": "sha512-UdXlrBqTU9WqqT1+5AatPO7cWJiSsHfGwYOthgtkicvhViKLRA/jkA9uMFh9gmaH0x7K5jS6ooXevRmviLw5Qw=="
    }
  }
}
